
Microsoft Visual Studio Solution File, Format Version 12.00
# Visual Studio 2017
Project("{FAE04EC0-301F-11D3-BF4B-00C04F79EFBC}") = "Slo-Mo-Sports", "Slo-Mo-Sports.csproj", "{4642A355-31A3-CAB7-92AB-383726D17130}"
EndProject
Project("{FAE04EC0-301F-11D3-BF4B-00C04F79EFBC}") = "Slo-Mo-Sports.Editor", "Slo-Mo-Sports.Editor.csproj", "{FBEBD94F-FD2C-CAA5-D8F2-02696E68D528}"
EndProject
Global
	GlobalSection(SolutionConfigurationPlatforms) = preSolution
		Debug|Any CPU = Debug|Any CPU
		Release|Any CPU = Release|Any CPU
	EndGlobalSection
	GlobalSection(ProjectConfigurationPlatforms) = postSolution
		{4642A355-31A3-CAB7-92AB-383726D17130}.Debug|Any CPU.ActiveCfg = Debug|Any CPU
		{4642A355-31A3-CAB7-92AB-383726D17130}.Debug|Any CPU.Build.0 = Debug|Any CPU
		{4642A355-31A3-CAB7-92AB-383726D17130}.Release|Any CPU.ActiveCfg = Release|Any CPU
		{4642A355-31A3-CAB7-92AB-383726D17130}.Release|Any CPU.Build.0 = Release|Any CPU
		{FBEBD94F-FD2C-CAA5-D8F2-02696E68D528}.Debug|Any CPU.ActiveCfg = Debug|Any CPU
		{FBEBD94F-FD2C-CAA5-D8F2-02696E68D528}.Debug|Any CPU.Build.0 = Debug|Any CPU
		{FBEBD94F-FD2C-CAA5-D8F2-02696E68D528}.Release|Any CPU.ActiveCfg = Release|Any CPU
		{FBEBD94F-FD2C-CAA5-D8F2-02696E68D528}.Release|Any CPU.Build.0 = Release|Any CPU
	EndGlobalSection
	GlobalSection(SolutionProperties) = preSolution
		HideSolutionNode = FALSE
	EndGlobalSection
EndGlobal
